
Microsoft Visual Studio Solution File, Format Version 12.00
# Visual Studio Version 17
VisualStudioVersion = 17.7.34031.279
MinimumVisualStudioVersion = 10.0.40219.1
Project("{FAE04EC0-301F-11D3-BF4B-00C04F79EFBC}") = "Tutorial1-Create Windows", "Tutorial1\Tutorial1-Create Windows.csproj", "{1483E374-134A-4F1C-AA05-B7D49ABA7C02}"
EndProject
Global
	GlobalSection(SolutionConfigurationPlatforms) = preSolution
		Debug|Any CPU = Debug|Any CPU
		Release|Any CPU = Release|Any CPU
	EndGlobalSection
	GlobalSection(ProjectConfigurationPlatforms) = postSolution
		{1483E374-134A-4F1C-AA05-B7D49ABA7C02}.Debug|Any CPU.ActiveCfg = Debug|Any CPU
		{1483E374-134A-4F1C-AA05-B7D49ABA7C02}.Debug|Any CPU.Build.0 = Debug|Any CPU
		{1483E374-134A-4F1C-AA05-B7D49ABA7C02}.Release|Any CPU.ActiveCfg = Release|Any CPU
		{1483E374-134A-4F1C-AA05-B7D49ABA7C02}.Release|Any CPU.Build.0 = Release|Any CPU
	EndGlobalSection
	GlobalSection(SolutionProperties) = preSolution
		HideSolutionNode = FALSE
	EndGlobalSection
	GlobalSection(ExtensibilityGlobals) = postSolution
		SolutionGuid = {DF4C65D6-B3A6-497B-B593-C127369CB940}
	EndGlobalSection
EndGlobal
